{
  "pins" : [
    {
      "identity" : "applovin-max-swift-package",
      "kind" : "remoteSourceControl",
      "location" : "https://github.com/AppLovin/AppLovin-MAX-Swift-Package.git",
      "state" : {
        "revision" : "b5acf713209298059bb2f09b22d84d523454bc7b",
        "version" : "13.5.1"
      }
    },
    {
      "identity" : "mintegraladsdk-swift-package",
      "kind" : "remoteSourceControl",
      "location" : "https://github.com/Mintegral-official/MintegralAdSDK-Swift-Package.git",
      "state" : {
        "revision" : "af6d2c5d136ecf7d9761799e98c91b26bd8ce072",
        "version" : "8.0.4"
      }
    }
  ],
  "version" : 2
}
